// !$*UTF8*$!
{
	archiveVersion = 1;
	classes = {
	};
	objectVersion = 56;
	objects = {

/* Begin PBXBuildFile section */
		40A5E41D29CB6E3900BE6732 /* AppDelegate.swift in Sources */ = {isa = PBXBuildFile; fileRef = 40A5E41C29CB6E3900BE6732 /* AppDelegate.swift */; };
		40A5E41F29CB6E3900BE6732 /* SceneDelegate.swift in Sources */ = {isa = PBXBuildFile; fileRef = 40A5E41E29CB6E3900BE6732 /* SceneDelegate.swift */; };
		40A5E42129CB6E3900BE6732 /* CardDecksController.swift in Sources */ = {isa = PBXBuildFile; fileRef = 40A5E42029CB6E3900BE6732 /* CardDecksController.swift */; };
		40A5E42629CB6E3900BE6732 /* Assets.xcassets in Resources */ = {isa = PBXBuildFile; fileRef = 40A5E42529CB6E3900BE6732 /* Assets.xcassets */; };
		40A5E42929CB6E3900BE6732 /* LaunchScreen.storyboard in Resources */ = {isa = PBXBuildFile; fileRef = 40A5E42729CB6E3900BE6732 /* LaunchScreen.storyboard */; };
		40A5E43229CB70D800BE6732 /* CardDeckTableView.swift in Sources */ = {isa = PBXBuildFile; fileRef = 40A5E43129CB70D800BE6732 /* CardDeckTableView.swift */; };
		40A5E43629CB784700BE6732 /* FlashCard.swift in Sources */ = {isa = PBXBuildFile; fileRef = 40A5E43529CB784700BE6732 /* FlashCard.swift */; };
		40A5E43929CB78E700BE6732 /* CardCollectionView.swift in Sources */ = {isa = PBXBuildFile; fileRef = 40A5E43829CB78E700BE6732 /* CardCollectionView.swift */; };
/* End PBXBuildFile section */

/* Begin PBXFileReference section */
		40A5E41929CB6E3900BE6732 /* ProgrammaticFlashCardApp.app */ = {isa = PBXFileReference; explicitFileType = wrapper.application; includeInIndex = 0; path = ProgrammaticFlashCardApp.app; sourceTree = BUILT_PRODUCTS_DIR; };
		40A5E41C29CB6E3900BE6732 /* AppDelegate.swift */ = {isa = PBXFileReference; lastKnownFileType = sourcecode.swift; path = AppDelegate.swift; sourceTree = "<group>"; };
		40A5E41E29CB6E3900BE6732 /* SceneDelegate.swift */ = {isa = PBXFileReference; lastKnownFileType = sourcecode.swift; path = SceneDelegate.swift; sourceTree = "<group>"; };
		40A5E42029CB6E3900BE6732 /* CardDecksController.swift */ = {isa = PBXFileReference; lastKnownFileType = sourcecode.swift; path = CardDecksController.swift; sourceTree = "<group>"; };
		40A5E42529CB6E3900BE6732 /* Assets.xcassets */ = {isa = PBXFileReference; lastKnownFileType = folder.assetcatalog; path = Assets.xcassets; sourceTree = "<group>"; };
		40A5E42829CB6E3900BE6732 /* Base */ = {isa = PBXFileReference; lastKnownFileType = file.storyboard; name = Base; path = Base.lproj/LaunchScreen.storyboard; sourceTree = "<group>"; };
		40A5E42A29CB6E3900BE6732 /* Info.plist */ = {isa = PBXFileReference; lastKnownFileType = text.plist.xml; path = Info.plist; sourceTree = "<group>"; };
		40A5E43129CB70D800BE6732 /* CardDeckTableView.swift */ = {isa = PBXFileReference; lastKnownFileType = sourcecode.swift; path = CardDeckTableView.swift; sourceTree = "<group>"; };
		40A5E43529CB784700BE6732 /* FlashCard.swift */ = {isa = PBXFileReference; lastKnownFileType = sourcecode.swift; path = FlashCard.swift; sourceTree = "<group>"; };
		40A5E43829CB78E700BE6732 /* CardCollectionView.swift */ = {isa = PBXFileReference; lastKnownFileType = sourcecode.swift; path = CardCollectionView.swift; sourceTree = "<group>"; };
/* End PBXFileReference section */

/* Begin PBXFrameworksBuildPhase section */
		40A5E41629CB6E3900BE6732 /* Frameworks */ = {
			isa = PBXFrameworksBuildPhase;
			buildActionMask = 2147483647;
			files = (
			);
			runOnlyForDeploymentPostprocessing = 0;
		};
/* End PBXFrameworksBuildPhase section */

/* Begin PBXGroup section */
		40A5E41029CB6E3900BE6732 = {
			isa = PBXGroup;
			children = (
				40A5E41B29CB6E3900BE6732 /* ProgrammaticFlashCardApp */,
				40A5E41A29CB6E3900BE6732 /* Products */,
			);
			sourceTree = "<group>";
		};
		40A5E41A29CB6E3900BE6732 /* Products */ = {
			isa = PBXGroup;
			children = (
				40A5E41929CB6E3900BE6732 /* ProgrammaticFlashCardApp.app */,
			);
			name = Products;
			sourceTree = "<group>";
		};
		40A5E41B29CB6E3900BE6732 /* ProgrammaticFlashCardApp */ = {
			isa = PBXGroup;
			children = (
				40A5E43729CB785300BE6732 /* Models */,
				40A5E43329CB70E300BE6732 /* Views */,
				40A5E43429CB70EF00BE6732 /* Controllers */,
				40A5E43029CB708800BE6732 /* Supporting */,
				40A5E42A29CB6E3900BE6732 /* Info.plist */,
			);
			path = ProgrammaticFlashCardApp;
			sourceTree = "<group>";
		};
		40A5E43029CB708800BE6732 /* Supporting */ = {
			isa = PBXGroup;
			children = (
				40A5E41C29CB6E3900BE6732 /* AppDelegate.swift */,
				40A5E41E29CB6E3900BE6732 /* SceneDelegate.swift */,
				40A5E42529CB6E3900BE6732 /* Assets.xcassets */,
				40A5E42729CB6E3900BE6732 /* LaunchScreen.storyboard */,
			);
			path = Supporting;
			sourceTree = "<group>";
		};
		40A5E43329CB70E300BE6732 /* Views */ = {
			isa = PBXGroup;
			children = (
				40A5E43129CB70D800BE6732 /* CardDeckTableView.swift */,
				40A5E43829CB78E700BE6732 /* CardCollectionView.swift */,
			);
			path = Views;
			sourceTree = "<group>";
		};
		40A5E43429CB70EF00BE6732 /* Controllers */ = {
			isa = PBXGroup;
			children = (
				40A5E42029CB6E3900BE6732 /* CardDecksController.swift */,
			);
			path = Controllers;
			sourceTree = "<group>";
		};
		40A5E43729CB785300BE6732 /* Models */ = {
			isa = PBXGroup;
			children = (
				40A5E43529CB784700BE6732 /* FlashCard.swift */,
			);
			path = Models;
			sourceTree = "<group>";
		};
/* End PBXGroup section */

/* Begin PBXNativeTarget section */
		40A5E41829CB6E3900BE6732 /* ProgrammaticFlashCardApp */ = {
			isa = PBXNativeTarget;
			buildConfigurationList = 40A5E42D29CB6E3900BE6732 /* Build configuration list for PBXNativeTarget "ProgrammaticFlashCardApp" */;
			buildPhases = (
				40A5E41529CB6E3900BE6732 /* Sources */,
				40A5E41629CB6E3900BE6732 /* Frameworks */,
				40A5E41729CB6E3900BE6732 /* Resources */,
			);
			buildRules = (
			);
			dependencies = (
			);
			name = ProgrammaticFlashCardApp;
			productName = ProgrammaticFlashCardApp;
			productReference = 40A5E41929CB6E3900BE6732 /* ProgrammaticFlashCardApp.app */;
			productType = "com.apple.product-type.application";
		};
/* End PBXNativeTarget section */

/* Begin PBXProject section */
		40A5E41129CB6E3900BE6732 /* Project object */ = {
			isa = PBXProject;
			attributes = {
				BuildIndependentTargetsInParallel = 1;
				LastSwiftUpdateCheck = 1420;
				LastUpgradeCheck = 1420;
				TargetAttributes = {
					40A5E41829CB6E3900BE6732 = {
						CreatedOnToolsVersion = 14.2;
					};
				};
			};
			buildConfigurationList = 40A5E41429CB6E3900BE6732 /* Build configuration list for PBXProject "ProgrammaticFlashCardApp" */;
			compatibilityVersion = "Xcode 14.0";
			developmentRegion = en;
			hasScannedForEncodings = 0;
			knownRegions = (
				en,
				Base,
			);
			mainGroup = 40A5E41029CB6E3900BE6732;
			productRefGroup = 40A5E41A29CB6E3900BE6732 /* Products */;
			projectDirPath = "";
			projectRoot = "";
			targets = (
				40A5E41829CB6E3900BE6732 /* ProgrammaticFlashCardApp */,
			);
		};
/* End PBXProject section */

/* Begin PBXResourcesBuildPhase section */
		40A5E41729CB6E3900BE6732 /* Resources */ = {
			isa = PBXResourcesBuildPhase;
			buildActionMask = 2147483647;
			files = (
				40A5E42929CB6E3900BE6732 /* LaunchScreen.storyboard in Resources */,
				40A5E42629CB6E3900BE6732 /* Assets.xcassets in Resources */,
			);
			runOnlyForDeploymentPostprocessing = 0;
		};
/* End PBXResourcesBuildPhase section */

/* Begin PBXSourcesBuildPhase section */
		40A5E41529CB6E3900BE6732 /* Sources */ = {
			isa = PBXSourcesBuildPhase;
			buildActionMask = 2147483647;
			files = (
				40A5E42129CB6E3900BE6732 /* CardDecksController.swift in Sources */,
				40A5E43629CB784700BE6732 /* FlashCard.swift in Sources */,
				40A5E41D29CB6E3900BE6732 /* AppDelegate.swift in Sources */,
				40A5E41F29CB6E3900BE6732 /* SceneDelegate.swift in Sources */,
				40A5E43929CB78E700BE6732 /* CardCollectionView.swift in Sources */,
				40A5E43229CB70D800BE6732 /* CardDeckTableView.swift in Sources */,
			);
			runOnlyForDeploymentPostprocessing = 0;
		};
/* End PBXSourcesBuildPhase section */

/* Begin PBXVariantGroup section */
		40A5E42729CB6E3900BE6732 /* LaunchScreen.storyboard */ = {
			isa = PBXVariantGroup;
			children = (
				40A5E42829CB6E3900BE6732 /* Base */,
			);
			name = LaunchScreen.storyboard;
			sourceTree = "<group>";
		};
/* End PBXVariantGroup section */

/* Begin XCBuildConfiguration section */
		40A5E42B29CB6E3900BE6732 /* Debug */ = {
			isa = XCBuildConfiguration;
			buildSettings = {
				ALWAYS_SEARCH_USER_PATHS = NO;
				CLANG_ANALYZER_NONNULL = YES;
				CLANG_ANALYZER_NUMBER_OBJECT_CONVERSION = YES_AGGRESSIVE;
				CLANG_CXX_LANGUAGE_STANDARD = "gnu++20";
				CLANG_ENABLE_MODULES = YES;
				CLANG_ENABLE_OBJC_ARC = YES;
				CLANG_ENABLE_OBJC_WEAK = YES;
				CLANG_WARN_BLOCK_CAPTURE_AUTORELEASING = YES;
				CLANG_WARN_BOOL_CONVERSION = YES;
				CLANG_WARN_COMMA = YES;
				CLANG_WARN_CONSTANT_CONVERSION = YES;
				CLANG_WARN_DEPRECATED_OBJC_IMPLEMENTATIONS = YES;
				CLANG_WARN_DIRECT_OBJC_ISA_USAGE = YES_ERROR;
				CLANG_WARN_DOCUMENTATION_COMMENTS = YES;
				CLANG_WARN_EMPTY_BODY = YES;
				CLANG_WARN_ENUM_CONVERSION = YES;
				CLANG_WARN_INFINITE_RECURSION = YES;
				CLANG_WARN_INT_CONVERSION = YES;
				CLANG_WARN_NON_LITERAL_NULL_CONVERSION = YES;
				CLANG_WARN_OBJC_IMPLICIT_RETAIN_SELF = YES;
				CLANG_WARN_OBJC_LITERAL_CONVERSION = YES;
				CLANG_WARN_OBJC_ROOT_CLASS = YES_ERROR;
				CLANG_WARN_QUOTED_INCLUDE_IN_FRAMEWORK_HEADER = YES;
				CLANG_WARN_RANGE_LOOP_ANALYSIS = YES;
				CLANG_WARN_STRICT_PROTOTYPES = YES;
				CLANG_WARN_SUSPICIOUS_MOVE = YES;
				CLANG_WARN_UNGUARDED_AVAILABILITY = YES_AGGRESSIVE;
				CLANG_WARN_UNREACHABLE_CODE = YES;
				CLANG_WARN__DUPLICATE_METHOD_MATCH = YES;
				COPY_PHASE_STRIP = NO;
				DEBUG_INFORMATION_FORMAT = dwarf;
				ENABLE_STRICT_OBJC_MSGSEND = YES;
				ENABLE_TESTABILITY = YES;
				GCC_C_LANGUAGE_STANDARD = gnu11;
				GCC_DYNAMIC_NO_PIC = NO;
				GCC_NO_COMMON_BLOCKS = YES;
				GCC_OPTIMIZATION_LEVEL = 0;
				GCC_PREPROCESSOR_DEFINITIONS = (
					"DEBUG=1",
					"$(inherited)",
				);
				GCC_WARN_64_TO_32_BIT_CONVERSION = YES;
				GCC_WARN_ABOUT_RETURN_TYPE = YES_ERROR;
				GCC_WARN_UNDECLARED_SELECTOR = YES;
				GCC_WARN_UNINITIALIZED_AUTOS = YES_AGGRESSIVE;
				GCC_WARN_UNUSED_FUNCTION = YES;
				GCC_WARN_UNUSED_VARIABLE = YES;
				IPHONEOS_DEPLOYMENT_TARGET = 16.2;
				MTL_ENABLE_DEBUG_INFO = INCLUDE_SOURCE;
				MTL_FAST_MATH = YES;
				ONLY_ACTIVE_ARCH = YES;
				SDKROOT = iphoneos;
				SWIFT_ACTIVE_COMPILATION_CONDITIONS = DEBUG;
				SWIFT_OPTIMIZATION_LEVEL = "-Onone";
			};
			name = Debug;
		};
		40A5E42C29CB6E3900BE6732 /* Release */ = {
			isa = XCBuildConfiguration;
			buildSettings = {
				ALWAYS_SEARCH_USER_PATHS = NO;
				CLANG_ANALYZER_NONNULL = YES;
				CLANG_ANALYZER_NUMBER_OBJECT_CONVERSION = YES_AGGRESSIVE;
				CLANG_CXX_LANGUAGE_STANDARD = "gnu++20";
				CLANG_ENABLE_MODULES = YES;
				CLANG_ENABLE_OBJC_ARC = YES;
				CLANG_ENABLE_OBJC_WEAK = YES;
				CLANG_WARN_BLOCK_CAPTURE_AUTORELEASING = YES;
				CLANG_WARN_BOOL_CONVERSION = YES;
				CLANG_WARN_COMMA = YES;
				CLANG_WARN_CONSTANT_CONVERSION = YES;
				CLANG_WARN_DEPRECATED_OBJC_IMPLEMENTATIONS = YES;
				CLANG_WARN_DIRECT_OBJC_ISA_USAGE = YES_ERROR;
				CLANG_WARN_DOCUMENTATION_COMMENTS = YES;
				CLANG_WARN_EMPTY_BODY = YES;
				CLANG_WARN_ENUM_CONVERSION = YES;
				CLANG_WARN_INFINITE_RECURSION = YES;
				CLANG_WARN_INT_CONVERSION = YES;
				CLANG_WARN_NON_LITERAL_NULL_CONVERSION = YES;
				CLANG_WARN_OBJC_IMPLICIT_RETAIN_SELF = YES;
				CLANG_WARN_OBJC_LITERAL_CONVERSION = YES;
				CLANG_WARN_OBJC_ROOT_CLASS = YES_ERROR;
				CLANG_WARN_QUOTED_INCLUDE_IN_FRAMEWORK_HEADER = YES;
				CLANG_WARN_RANGE_LOOP_ANALYSIS = YES;
				CLANG_WARN_STRICT_PROTOTYPES = YES;
				CLANG_WARN_SUSPICIOUS_MOVE = YES;
				CLANG_WARN_UNGUARDED_AVAILABILITY = YES_AGGRESSIVE;
				CLANG_WARN_UNREACHABLE_CODE = YES;
				CLANG_WARN__DUPLICATE_METHOD_MATCH = YES;
				COPY_PHASE_STRIP = NO;
				DEBUG_INFORMATION_FORMAT = "dwarf-with-dsym";
				ENABLE_NS_ASSERTIONS = NO;
				ENABLE_STRICT_OBJC_MSGSEND = YES;
				GCC_C_LANGUAGE_STANDARD = gnu11;
				GCC_NO_COMMON_BLOCKS = YES;
				GCC_WARN_64_TO_32_BIT_CONVERSION = YES;
				GCC_WARN_ABOUT_RETURN_TYPE = YES_ERROR;
				GCC_WARN_UNDECLARED_SELECTOR = YES;
				GCC_WARN_UNINITIALIZED_AUTOS = YES_AGGRESSIVE;
				GCC_WARN_UNUSED_FUNCTION = YES;
				GCC_WARN_UNUSED_VARIABLE = YES;
				IPHONEOS_DEPLOYMENT_TARGET = 16.2;
				MTL_ENABLE_DEBUG_INFO = NO;
				MTL_FAST_MATH = YES;
				SDKROOT = iphoneos;
				SWIFT_COMPILATION_MODE = wholemodule;
				SWIFT_OPTIMIZATION_LEVEL = "-O";
				VALIDATE_PRODUCT = YES;
			};
			name = Release;
		};
		40A5E42E29CB6E3900BE6732 /* Debug */ = {
			isa = XCBuildConfiguration;
			buildSettings = {
				ASSETCATALOG_COMPILER_APPICON_NAME = AppIcon;
				ASSETCATALOG_COMPILER_GLOBAL_ACCENT_COLOR_NAME = AccentColor;
				CODE_SIGN_STYLE = Automatic;
				CURRENT_PROJECT_VERSION = 1;
				DEVELOPMENT_TEAM = V23Z3P8TP3;
				GENERATE_INFOPLIST_FILE = YES;
				INFOPLIST_FILE = ProgrammaticFlashCardApp/Info.plist;
				INFOPLIST_KEY_UIApplicationSupportsIndirectInputEvents = YES;
				INFOPLIST_KEY_UILaunchStoryboardName = LaunchScreen;
				INFOPLIST_KEY_UISupportedInterfaceOrientations_iPad = "UIInterfaceOrientationPortrait UIInterfaceOrientationPortraitUpsideDown UIInterfaceOrientationLandscapeLeft UIInterfaceOrientationLandscapeRight";
				INFOPLIST_KEY_UISupportedInterfaceOrientations_iPhone = "UIInterfaceOrientationPortrait UIInterfaceOrientationLandscapeLeft UIInterfaceOrientationLandscapeRight";
				LD_RUNPATH_SEARCH_PATHS = (
					"$(inherited)",
					"@executable_path/Frameworks",
				);
				MARKETING_VERSION = 1.0;
				PRODUCT_BUNDLE_IDENTIFIER = com.brendoncrowe.ProgrammaticFlashCardApp;
				PRODUCT_NAME = "$(TARGET_NAME)";
				SWIFT_EMIT_LOC_STRINGS = YES;
				SWIFT_VERSION = 5.0;
				TARGETED_DEVICE_FAMILY = "1,2";
			};
			name = Debug;
		};
		40A5E42F29CB6E3900BE6732 /* Release */ = {
			isa = XCBuildConfiguration;
			buildSettings = {
				ASSETCATALOG_COMPILER_APPICON_NAME = AppIcon;
				ASSETCATALOG_COMPILER_GLOBAL_ACCENT_COLOR_NAME = AccentColor;
				CODE_SIGN_STYLE = Automatic;
				CURRENT_PROJECT_VERSION = 1;
				DEVELOPMENT_TEAM = V23Z3P8TP3;
				GENERATE_INFOPLIST_FILE = YES;
				INFOPLIST_FILE = ProgrammaticFlashCardApp/Info.plist;
				INFOPLIST_KEY_UIApplicationSupportsIndirectInputEvents = YES;
				INFOPLIST_KEY_UILaunchStoryboardName = LaunchScreen;
				INFOPLIST_KEY_UISupportedInterfaceOrientations_iPad = "UIInterfaceOrientationPortrait UIInterfaceOrientationPortraitUpsideDown UIInterfaceOrientationLandscapeLeft UIInterfaceOrientationLandscapeRight";
				INFOPLIST_KEY_UISupportedInterfaceOrientations_iPhone = "UIInterfaceOrientationPortrait UIInterfaceOrientationLandscapeLeft UIInterfaceOrientationLandscapeRight";
				LD_RUNPATH_SEARCH_PATHS = (
					"$(inherited)",
					"@executable_path/Frameworks",
				);
				MARKETING_VERSION = 1.0;
				PRODUCT_BUNDLE_IDENTIFIER = com.brendoncrowe.ProgrammaticFlashCardApp;
				PRODUCT_NAME = "$(TARGET_NAME)";
				SWIFT_EMIT_LOC_STRINGS = YES;
				SWIFT_VERSION = 5.0;
				TARGETED_DEVICE_FAMILY = "1,2";
			};
			name = Release;
		};
/* End XCBuildConfiguration section */

/* Begin XCConfigurationList section */
		40A5E41429CB6E3900BE6732 /* Build configuration list for PBXProject "ProgrammaticFlashCardApp" */ = {
			isa = XCConfigurationList;
			buildConfigurations = (
				40A5E42B29CB6E3900BE6732 /* Debug */,
				40A5E42C29CB6E3900BE6732 /* Release */,
			);
			defaultConfigurationIsVisible = 0;
			defaultConfigurationName = Release;
		};
		40A5E42D29CB6E3900BE6732 /* Build configuration list for PBXNativeTarget "ProgrammaticFlashCardApp" */ = {
			isa = XCConfigurationList;
			buildConfigurations = (
				40A5E42E29CB6E3900BE6732 /* Debug */,
				40A5E42F29CB6E3900BE6732 /* Release */,
			);
			defaultConfigurationIsVisible = 0;
			defaultConfigurationName = Release;
		};
/* End XCConfigurationList section */
	};
	rootObject = 40A5E41129CB6E3900BE6732 /* Project object */;
}
